// !$*UTF8*$!
{
	archiveVersion = 1;
	classes = {
	};
	objectVersion = 46;
	objects = {

/* Begin PBXBuildFile section */
		288CE3BF1E161C840089DC20 /* AppDelegate.swift in Sources */ = {isa = PBXBuildFile; fileRef = 288CE3BE1E161C840089DC20 /* AppDelegate.swift */; };
		288CE3C11E161C840089DC20 /* ViewController.swift in Sources */ = {isa = PBXBuildFile; fileRef = 288CE3C01E161C840089DC20 /* ViewController.swift */; };
		288CE3C41E161C840089DC20 /* Main.storyboard in Resources */ = {isa = PBXBuildFile; fileRef = 288CE3C21E161C840089DC20 /* Main.storyboard */; };
		288CE3C71E161C840089DC20 /* thapagitt.xcdatamodeld in Sources */ = {isa = PBXBuildFile; fileRef = 288CE3C51E161C840089DC20 /* thapagitt.xcdatamodeld */; };
		288CE3C91E161C840089DC20 /* Assets.xcassets in Resources */ = {isa = PBXBuildFile; fileRef = 288CE3C81E161C840089DC20 /* Assets.xcassets */; };
		288CE3CC1E161C840089DC20 /* LaunchScreen.storyboard in Resources */ = {isa = PBXBuildFile; fileRef = 288CE3CA1E161C840089DC20 /* LaunchScreen.storyboard */; };
/* End PBXBuildFile section */

/* Begin PBXFileReference section */
		288CE3BB1E161C840089DC20 /* thapagitt.app */ = {isa = PBXFileReference; explicitFileType = wrapper.application; includeInIndex = 0; path = thapagitt.app; sourceTree = BUILT_PRODUCTS_DIR; };
		288CE3BE1E161C840089DC20 /* AppDelegate.swift */ = {isa = PBXFileReference; lastKnownFileType = sourcecode.swift; path = AppDelegate.swift; sourceTree = "<group>"; };
		288CE3C01E161C840089DC20 /* ViewController.swift */ = {isa = PBXFileReference; lastKnownFileType = sourcecode.swift; path = ViewController.swift; sourceTree = "<group>"; };
		288CE3C31E161C840089DC20 /* Base */ = {isa = PBXFileReference; lastKnownFileType = file.storyboard; name = Base; path = Base.lproj/Main.storyboard; sourceTree = "<group>"; };
		288CE3C61E161C840089DC20 /* thapagitt.xcdatamodel */ = {isa = PBXFileReference; lastKnownFileType = wrapper.xcdatamodel; path = thapagitt.xcdatamodel; sourceTree = "<group>"; };
		288CE3C81E161C840089DC20 /* Assets.xcassets */ = {isa = PBXFileReference; lastKnownFileType = folder.assetcatalog; path = Assets.xcassets; sourceTree = "<group>"; };
		288CE3CB1E161C840089DC20 /* Base */ = {isa = PBXFileReference; lastKnownFileType = file.storyboard; name = Base; path = Base.lproj/LaunchScreen.storyboard; sourceTree = "<group>"; };
		288CE3CD1E161C850089DC20 /* Info.plist */ = {isa = PBXFileReference; lastKnownFileType = text.plist.xml; path = Info.plist; sourceTree = "<group>"; };
/* End PBXFileReference section */

/* Begin PBXFrameworksBuildPhase section */
		288CE3B81E161C840089DC20 /* Frameworks */ = {
			isa = PBXFrameworksBuildPhase;
			buildActionMask = 2147483647;
			files = (
			);
			runOnlyForDeploymentPostprocessing = 0;
		};
/* End PBXFrameworksBuildPhase section */

/* Begin PBXGroup section */
		288CE3B21E161C840089DC20 = {
			isa = PBXGroup;
			children = (
				288CE3BD1E161C840089DC20 /* thapagitt */,
				288CE3BC1E161C840089DC20 /* Products */,
			);
			sourceTree = "<group>";
		};
		288CE3BC1E161C840089DC20 /* Products */ = {
			isa = PBXGroup;
			children = (
				288CE3BB1E161C840089DC20 /* thapagitt.app */,
			);
			name = Products;
			sourceTree = "<group>";
		};
		288CE3BD1E161C840089DC20 /* thapagitt */ = {
			isa = PBXGroup;
			children = (
				288CE3BE1E161C840089DC20 /* AppDelegate.swift */,
				288CE3C01E161C840089DC20 /* ViewController.swift */,
				288CE3C21E161C840089DC20 /* Main.storyboard */,
				288CE3C81E161C840089DC20 /* Assets.xcassets */,
				288CE3CA1E161C840089DC20 /* LaunchScreen.storyboard */,
				288CE3CD1E161C850089DC20 /* Info.plist */,
				288CE3C51E161C840089DC20 /* thapagitt.xcdatamodeld */,
			);
			path = thapagitt;
			sourceTree = "<group>";
		};
/* End PBXGroup section */

/* Begin PBXNativeTarget section */
		288CE3BA1E161C840089DC20 /* thapagitt */ = {
			isa = PBXNativeTarget;
			buildConfigurationList = 288CE3D01E161C850089DC20 /* Build configuration list for PBXNativeTarget "thapagitt" */;
			buildPhases = (
				288CE3B71E161C840089DC20 /* Sources */,
				288CE3B81E161C840089DC20 /* Frameworks */,
				288CE3B91E161C840089DC20 /* Resources */,
			);
			buildRules = (
			);
			dependencies = (
			);
			name = thapagitt;
			productName = thapagitt;
			productReference = 288CE3BB1E161C840089DC20 /* thapagitt.app */;
			productType = "com.apple.product-type.application";
		};
/* End PBXNativeTarget section */

/* Begin PBXProject section */
		288CE3B31E161C840089DC20 /* Project object */ = {
			isa = PBXProject;
			attributes = {
				LastSwiftUpdateCheck = 0810;
				LastUpgradeCheck = 0810;
				ORGANIZATIONNAME = sdfds;
				TargetAttributes = {
					288CE3BA1E161C840089DC20 = {
						CreatedOnToolsVersion = 8.1;
						DevelopmentTeam = 22DE7ET32K;
						ProvisioningStyle = Automatic;
					};
				};
			};
			buildConfigurationList = 288CE3B61E161C840089DC20 /* Build configuration list for PBXProject "thapagitt" */;
			compatibilityVersion = "Xcode 3.2";
			developmentRegion = English;
			hasScannedForEncodings = 0;
			knownRegions = (
				en,
				Base,
			);
			mainGroup = 288CE3B21E161C840089DC20;
			productRefGroup = 288CE3BC1E161C840089DC20 /* Products */;
			projectDirPath = "";
			projectRoot = "";
			targets = (
				288CE3BA1E161C840089DC20 /* thapagitt */,
			);
		};
/* End PBXProject section */

/* Begin PBXResourcesBuildPhase section */
		288CE3B91E161C840089DC20 /* Resources */ = {
			isa = PBXResourcesBuildPhase;
			buildActionMask = 2147483647;
			files = (
				288CE3CC1E161C840089DC20 /* LaunchScreen.storyboard in Resources */,
				288CE3C91E161C840089DC20 /* Assets.xcassets in Resources */,
				288CE3C41E161C840089DC20 /* Main.storyboard in Resources */,
			);
			runOnlyForDeploymentPostprocessing = 0;
		};
/* End PBXResourcesBuildPhase section */

/* Begin PBXSourcesBuildPhase section */
		288CE3B71E161C840089DC20 /* Sources */ = {
			isa = PBXSourcesBuildPhase;
			buildActionMask = 2147483647;
			files = (
				288CE3C11E161C840089DC20 /* ViewController.swift in Sources */,
				288CE3BF1E161C840089DC20 /* AppDelegate.swift in Sources */,
				288CE3C71E161C840089DC20 /* thapagitt.xcdatamodeld in Sources */,
			);
			runOnlyForDeploymentPostprocessing = 0;
		};
/* End PBXSourcesBuildPhase section */

/* Begin PBXVariantGroup section */
		288CE3C21E161C840089DC20 /* Main.storyboard */ = {
			isa = PBXVariantGroup;
			children = (
				288CE3C31E161C840089DC20 /* Base */,
			);
			name = Main.storyboard;
			sourceTree = "<group>";
		};
		288CE3CA1E161C840089DC20 /* LaunchScreen.storyboard */ = {
			isa = PBXVariantGroup;
			children = (
				288CE3CB1E161C840089DC20 /* Base */,
			);
			name = LaunchScreen.storyboard;
			sourceTree = "<group>";
		};
/* End PBXVariantGroup section */

/* Begin XCBuildConfiguration section */
		288CE3CE1E161C850089DC20 /* Debug */ = {
			isa = XCBuildConfiguration;
			buildSettings = {
				ALWAYS_SEARCH_USER_PATHS = NO;
				CLANG_ANALYZER_NONNULL = YES;
				CLANG_CXX_LANGUAGE_STANDARD = "gnu++0x";
				CLANG_CXX_LIBRARY = "libc++";
				CLANG_ENABLE_MODULES = YES;
				CLANG_ENABLE_OBJC_ARC = YES;
				CLANG_WARN_BOOL_CONVERSION = YES;
				CLANG_WARN_CONSTANT_CONVERSION = YES;
				CLANG_WARN_DIRECT_OBJC_ISA_USAGE = YES_ERROR;
				CLANG_WARN_DOCUMENTATION_COMMENTS = YES;
				CLANG_WARN_EMPTY_BODY = YES;
				CLANG_WARN_ENUM_CONVERSION = YES;
				CLANG_WARN_INFINITE_RECURSION = YES;
				CLANG_WARN_INT_CONVERSION = YES;
				CLANG_WARN_OBJC_ROOT_CLASS = YES_ERROR;
				CLANG_WARN_SUSPICIOUS_MOVES = YES;
				CLANG_WARN_UNREACHABLE_CODE = YES;
				CLANG_WARN__DUPLICATE_METHOD_MATCH = YES;
				"CODE_SIGN_IDENTITY[sdk=iphoneos*]" = "iPhone Developer";
				COPY_PHASE_STRIP = NO;
				DEBUG_INFORMATION_FORMAT = dwarf;
				ENABLE_STRICT_OBJC_MSGSEND = YES;
				ENABLE_TESTABILITY = YES;
				GCC_C_LANGUAGE_STANDARD = gnu99;
				GCC_DYNAMIC_NO_PIC = NO;
				GCC_NO_COMMON_BLOCKS = YES;
				GCC_OPTIMIZATION_LEVEL = 0;
				GCC_PREPROCESSOR_DEFINITIONS = (
					"DEBUG=1",
					"$(inherited)",
				);
				GCC_WARN_64_TO_32_BIT_CONVERSION = YES;
				GCC_WARN_ABOUT_RETURN_TYPE = YES_ERROR;
				GCC_WARN_UNDECLARED_SELECTOR = YES;
				GCC_WARN_UNINITIALIZED_AUTOS = YES_AGGRESSIVE;
				GCC_WARN_UNUSED_FUNCTION = YES;
				GCC_WARN_UNUSED_VARIABLE = YES;
				IPHONEOS_DEPLOYMENT_TARGET = 10.1;
				MTL_ENABLE_DEBUG_INFO = YES;
				ONLY_ACTIVE_ARCH = YES;
				SDKROOT = iphoneos;
				SWIFT_ACTIVE_COMPILATION_CONDITIONS = DEBUG;
				SWIFT_OPTIMIZATION_LEVEL = "-Onone";
				TARGETED_DEVICE_FAMILY = "1,2";
			};
			name = Debug;
		};
		288CE3CF1E161C850089DC20 /* Release */ = {
			isa = XCBuildConfiguration;
			buildSettings = {
				ALWAYS_SEARCH_USER_PATHS = NO;
				CLANG_ANALYZER_NONNULL = YES;
				CLANG_CXX_LANGUAGE_STANDARD = "gnu++0x";
				CLANG_CXX_LIBRARY = "libc++";
				CLANG_ENABLE_MODULES = YES;
				CLANG_ENABLE_OBJC_ARC = YES;
				CLANG_WARN_BOOL_CONVERSION = YES;
				CLANG_WARN_CONSTANT_CONVERSION = YES;
				CLANG_WARN_DIRECT_OBJC_ISA_USAGE = YES_ERROR;
				CLANG_WARN_DOCUMENTATION_COMMENTS = YES;
				CLANG_WARN_EMPTY_BODY = YES;
				CLANG_WARN_ENUM_CONVERSION = YES;
				CLANG_WARN_INFINITE_RECURSION = YES;
				CLANG_WARN_INT_CONVERSION = YES;
				CLANG_WARN_OBJC_ROOT_CLASS = YES_ERROR;
				CLANG_WARN_SUSPICIOUS_MOVES = YES;
				CLANG_WARN_UNREACHABLE_CODE = YES;
				CLANG_WARN__DUPLICATE_METHOD_MATCH = YES;
				"CODE_SIGN_IDENTITY[sdk=iphoneos*]" = "iPhone Developer";
				COPY_PHASE_STRIP = NO;
				DEBUG_INFORMATION_FORMAT = "dwarf-with-dsym";
				ENABLE_NS_ASSERTIONS = NO;
				ENABLE_STRICT_OBJC_MSGSEND = YES;
				GCC_C_LANGUAGE_STANDARD = gnu99;
				GCC_NO_COMMON_BLOCKS = YES;
				GCC_WARN_64_TO_32_BIT_CONVERSION = YES;
				GCC_WARN_ABOUT_RETURN_TYPE = YES_ERROR;
				GCC_WARN_UNDECLARED_SELECTOR = YES;
				GCC_WARN_UNINITIALIZED_AUTOS = YES_AGGRESSIVE;
				GCC_WARN_UNUSED_FUNCTION = YES;
				GCC_WARN_UNUSED_VARIABLE = YES;
				IPHONEOS_DEPLOYMENT_TARGET = 10.1;
				MTL_ENABLE_DEBUG_INFO = NO;
				SDKROOT = iphoneos;
				SWIFT_OPTIMIZATION_LEVEL = "-Owholemodule";
				TARGETED_DEVICE_FAMILY = "1,2";
				VALIDATE_PRODUCT = YES;
			};
			name = Release;
		};
		288CE3D11E161C850089DC20 /* Debug */ = {
			isa = XCBuildConfiguration;
			buildSettings = {
				ASSETCATALOG_COMPILER_APPICON_NAME = AppIcon;
				DEVELOPMENT_TEAM = 22DE7ET32K;
				INFOPLIST_FILE = thapagitt/Info.plist;
				LD_RUNPATH_SEARCH_PATHS = "$(inherited) @executable_path/Frameworks";
				PRODUCT_BUNDLE_IDENTIFIER = com.18thTechnology.french.thapagitt;
				PRODUCT_NAME = "$(TARGET_NAME)";
				SWIFT_VERSION = 3.0;
			};
			name = Debug;
		};
		288CE3D21E161C850089DC20 /* Release */ = {
			isa = XCBuildConfiguration;
			buildSettings = {
				ASSETCATALOG_COMPILER_APPICON_NAME = AppIcon;
				DEVELOPMENT_TEAM = 22DE7ET32K;
				INFOPLIST_FILE = thapagitt/Info.plist;
				LD_RUNPATH_SEARCH_PATHS = "$(inherited) @executable_path/Frameworks";
				PRODUCT_BUNDLE_IDENTIFIER = com.18thTechnology.french.thapagitt;
				PRODUCT_NAME = "$(TARGET_NAME)";
				SWIFT_VERSION = 3.0;
			};
			name = Release;
		};
/* End XCBuildConfiguration section */

/* Begin XCConfigurationList section */
		288CE3B61E161C840089DC20 /* Build configuration list for PBXProject "thapagitt" */ = {
			isa = XCConfigurationList;
			buildConfigurations = (
				288CE3CE1E161C850089DC20 /* Debug */,
				288CE3CF1E161C850089DC20 /* Release */,
			);
			defaultConfigurationIsVisible = 0;
			defaultConfigurationName = Release;
		};
		288CE3D01E161C850089DC20 /* Build configuration list for PBXNativeTarget "thapagitt" */ = {
			isa = XCConfigurationList;
			buildConfigurations = (
				288CE3D11E161C850089DC20 /* Debug */,
				288CE3D21E161C850089DC20 /* Release */,
			);
			defaultConfigurationIsVisible = 0;
		};
/* End XCConfigurationList section */

/* Begin XCVersionGroup section */
		288CE3C51E161C840089DC20 /* thapagitt.xcdatamodeld */ = {
			isa = XCVersionGroup;
			children = (
				288CE3C61E161C840089DC20 /* thapagitt.xcdatamodel */,
			);
			currentVersion = 288CE3C61E161C840089DC20 /* thapagitt.xcdatamodel */;
			path = thapagitt.xcdatamodeld;
			sourceTree = "<group>";
			versionGroupType = wrapper.xcdatamodel;
		};
/* End XCVersionGroup section */
	};
	rootObject = 288CE3B31E161C840089DC20 /* Project object */;
}
